{
  "name": "consume",
  "version": "1.0.0",
  "lockfileVersion": 3,
  "requires": true,
  "packages": {
    "": {
      "name": "consume",
      "version": "1.0.0",
      "license": "ISC",
      "dependencies": {
        "es-module-demo": "^1.0.1"
      }
    },
    "node_modules/es-module-demo": {
      "version": "1.0.1",
      "resolved": "https://registry.npmjs.org/es-module-demo/-/es-module-demo-1.0.1.tgz",
      "integrity": "sha512-3sCwfg7kyI3CLm9D++5L3TgsIT4jsZIjx6/ppzjfIoIEIASx+51MebK/dWdVYJ8lqTUXLWEmQy7Zk3OYYfR0mA=="
    }
  }
}
